// !$*UTF8*$!
{
	archiveVersion = 1;
	classes = {
	};
	objectVersion = 55;
	objects = {

/* Begin PBXBuildFile section */
		A5E37152D3E896DCCD3B5DD6 /* Pods_RealmSwiftV2.framework in Frameworks */ = {isa = PBXBuildFile; fileRef = 8093E96285C3F07C2BEB8A54 /* Pods_RealmSwiftV2.framework */; };
		D2CDCF66274F94FE005B7D73 /* AppDelegate.swift in Sources */ = {isa = PBXBuildFile; fileRef = D2CDCF65274F94FE005B7D73 /* AppDelegate.swift */; };
		D2CDCF68274F94FE005B7D73 /* SceneDelegate.swift in Sources */ = {isa = PBXBuildFile; fileRef = D2CDCF67274F94FE005B7D73 /* SceneDelegate.swift */; };
		D2CDCF6A274F94FE005B7D73 /* ViewController.swift in Sources */ = {isa = PBXBuildFile; fileRef = D2CDCF69274F94FE005B7D73 /* ViewController.swift */; };
		D2CDCF6D274F94FE005B7D73 /* Main.storyboard in Resources */ = {isa = PBXBuildFile; fileRef = D2CDCF6B274F94FE005B7D73 /* Main.storyboard */; };
		D2CDCF6F274F94FF005B7D73 /* Assets.xcassets in Resources */ = {isa = PBXBuildFile; fileRef = D2CDCF6E274F94FF005B7D73 /* Assets.xcassets */; };
		D2CDCF72274F94FF005B7D73 /* LaunchScreen.storyboard in Resources */ = {isa = PBXBuildFile; fileRef = D2CDCF70274F94FF005B7D73 /* LaunchScreen.storyboard */; };
/* End PBXBuildFile section */

/* Begin PBXFileReference section */
		8093E96285C3F07C2BEB8A54 /* Pods_RealmSwiftV2.framework */ = {isa = PBXFileReference; explicitFileType = wrapper.framework; includeInIndex = 0; path = Pods_RealmSwiftV2.framework; sourceTree = BUILT_PRODUCTS_DIR; };
		9B29DEBF7563404F4A7F7578 /* Pods-RealmSwiftV2.debug.xcconfig */ = {isa = PBXFileReference; includeInIndex = 1; lastKnownFileType = text.xcconfig; name = "Pods-RealmSwiftV2.debug.xcconfig"; path = "Target Support Files/Pods-RealmSwiftV2/Pods-RealmSwiftV2.debug.xcconfig"; sourceTree = "<group>"; };
		D2CDCF62274F94FE005B7D73 /* RealmSwiftV2.app */ = {isa = PBXFileReference; explicitFileType = wrapper.application; includeInIndex = 0; path = RealmSwiftV2.app; sourceTree = BUILT_PRODUCTS_DIR; };
		D2CDCF65274F94FE005B7D73 /* AppDelegate.swift */ = {isa = PBXFileReference; lastKnownFileType = sourcecode.swift; path = AppDelegate.swift; sourceTree = "<group>"; };
		D2CDCF67274F94FE005B7D73 /* SceneDelegate.swift */ = {isa = PBXFileReference; lastKnownFileType = sourcecode.swift; path = SceneDelegate.swift; sourceTree = "<group>"; };
		D2CDCF69274F94FE005B7D73 /* ViewController.swift */ = {isa = PBXFileReference; lastKnownFileType = sourcecode.swift; path = ViewController.swift; sourceTree = "<group>"; };
		D2CDCF6C274F94FE005B7D73 /* Base */ = {isa = PBXFileReference; lastKnownFileType = file.storyboard; name = Base; path = Base.lproj/Main.storyboard; sourceTree = "<group>"; };
		D2CDCF6E274F94FF005B7D73 /* Assets.xcassets */ = {isa = PBXFileReference; lastKnownFileType = folder.assetcatalog; path = Assets.xcassets; sourceTree = "<group>"; };
		D2CDCF71274F94FF005B7D73 /* Base */ = {isa = PBXFileReference; lastKnownFileType = file.storyboard; name = Base; path = Base.lproj/LaunchScreen.storyboard; sourceTree = "<group>"; };
		D2CDCF73274F94FF005B7D73 /* Info.plist */ = {isa = PBXFileReference; lastKnownFileType = text.plist.xml; path = Info.plist; sourceTree = "<group>"; };
		DC45D409250B6FDAB898E7AB /* Pods-RealmSwiftV2.release.xcconfig */ = {isa = PBXFileReference; includeInIndex = 1; lastKnownFileType = text.xcconfig; name = "Pods-RealmSwiftV2.release.xcconfig"; path = "Target Support Files/Pods-RealmSwiftV2/Pods-RealmSwiftV2.release.xcconfig"; sourceTree = "<group>"; };
/* End PBXFileReference section */

/* Begin PBXFrameworksBuildPhase section */
		D2CDCF5F274F94FE005B7D73 /* Frameworks */ = {
			isa = PBXFrameworksBuildPhase;
			buildActionMask = 2147483647;
			files = (
				A5E37152D3E896DCCD3B5DD6 /* Pods_RealmSwiftV2.framework in Frameworks */,
			);
			runOnlyForDeploymentPostprocessing = 0;
		};
/* End PBXFrameworksBuildPhase section */

/* Begin PBXGroup section */
		500718D913BC48D4036950C4 /* Pods */ = {
			isa = PBXGroup;
			children = (
				9B29DEBF7563404F4A7F7578 /* Pods-RealmSwiftV2.debug.xcconfig */,
				DC45D409250B6FDAB898E7AB /* Pods-RealmSwiftV2.release.xcconfig */,
			);
			name = Pods;
			path = Pods;
			sourceTree = "<group>";
		};
		5C4BCE2FA71E55A4B44F78DA /* Frameworks */ = {
			isa = PBXGroup;
			children = (
				8093E96285C3F07C2BEB8A54 /* Pods_RealmSwiftV2.framework */,
			);
			name = Frameworks;
			sourceTree = "<group>";
		};
		D2CDCF59274F94FE005B7D73 = {
			isa = PBXGroup;
			children = (
				D2CDCF64274F94FE005B7D73 /* RealmSwiftV2 */,
				D2CDCF63274F94FE005B7D73 /* Products */,
				500718D913BC48D4036950C4 /* Pods */,
				5C4BCE2FA71E55A4B44F78DA /* Frameworks */,
			);
			sourceTree = "<group>";
		};
		D2CDCF63274F94FE005B7D73 /* Products */ = {
			isa = PBXGroup;
			children = (
				D2CDCF62274F94FE005B7D73 /* RealmSwiftV2.app */,
			);
			name = Products;
			sourceTree = "<group>";
		};
		D2CDCF64274F94FE005B7D73 /* RealmSwiftV2 */ = {
			isa = PBXGroup;
			children = (
				D2CDCF65274F94FE005B7D73 /* AppDelegate.swift */,
				D2CDCF67274F94FE005B7D73 /* SceneDelegate.swift */,
				D2CDCF69274F94FE005B7D73 /* ViewController.swift */,
				D2CDCF6B274F94FE005B7D73 /* Main.storyboard */,
				D2CDCF6E274F94FF005B7D73 /* Assets.xcassets */,
				D2CDCF70274F94FF005B7D73 /* LaunchScreen.storyboard */,
				D2CDCF73274F94FF005B7D73 /* Info.plist */,
			);
			path = RealmSwiftV2;
			sourceTree = "<group>";
		};
/* End PBXGroup section */

/* Begin PBXNativeTarget section */
		D2CDCF61274F94FE005B7D73 /* RealmSwiftV2 */ = {
			isa = PBXNativeTarget;
			buildConfigurationList = D2CDCF76274F94FF005B7D73 /* Build configuration list for PBXNativeTarget "RealmSwiftV2" */;
			buildPhases = (
				A0370DADB0C723105DDBAE3A /* [CP] Check Pods Manifest.lock */,
				D2CDCF5E274F94FE005B7D73 /* Sources */,
				D2CDCF5F274F94FE005B7D73 /* Frameworks */,
				D2CDCF60274F94FE005B7D73 /* Resources */,
				78F01B59A14347EE0811360D /* [CP] Embed Pods Frameworks */,
			);
			buildRules = (
			);
			dependencies = (
			);
			name = RealmSwiftV2;
			productName = RealmSwiftV2;
			productReference = D2CDCF62274F94FE005B7D73 /* RealmSwiftV2.app */;
			productType = "com.apple.product-type.application";
		};
/* End PBXNativeTarget section */

/* Begin PBXProject section */
		D2CDCF5A274F94FE005B7D73 /* Project object */ = {
			isa = PBXProject;
			attributes = {
				BuildIndependentTargetsInParallel = 1;
				LastSwiftUpdateCheck = 1310;
				LastUpgradeCheck = 1310;
				TargetAttributes = {
					D2CDCF61274F94FE005B7D73 = {
						CreatedOnToolsVersion = 13.1;
					};
				};
			};
			buildConfigurationList = D2CDCF5D274F94FE005B7D73 /* Build configuration list for PBXProject "RealmSwiftV2" */;
			compatibilityVersion = "Xcode 13.0";
			developmentRegion = en;
			hasScannedForEncodings = 0;
			knownRegions = (
				en,
				Base,
			);
			mainGroup = D2CDCF59274F94FE005B7D73;
			productRefGroup = D2CDCF63274F94FE005B7D73 /* Products */;
			projectDirPath = "";
			projectRoot = "";
			targets = (
				D2CDCF61274F94FE005B7D73 /* RealmSwiftV2 */,
			);
		};
/* End PBXProject section */

/* Begin PBXResourcesBuildPhase section */
		D2CDCF60274F94FE005B7D73 /* Resources */ = {
			isa = PBXResourcesBuildPhase;
			buildActionMask = 2147483647;
			files = (
				D2CDCF72274F94FF005B7D73 /* LaunchScreen.storyboard in Resources */,
				D2CDCF6F274F94FF005B7D73 /* Assets.xcassets in Resources */,
				D2CDCF6D274F94FE005B7D73 /* Main.storyboard in Resources */,
			);
			runOnlyForDeploymentPostprocessing = 0;
		};
/* End PBXResourcesBuildPhase section */

/* Begin PBXShellScriptBuildPhase section */
		78F01B59A14347EE0811360D /* [CP] Embed Pods Frameworks */ = {
			isa = PBXShellScriptBuildPhase;
			buildActionMask = 2147483647;
			files = (
			);
			inputFileListPaths = (
				"${PODS_ROOT}/Target Support Files/Pods-RealmSwiftV2/Pods-RealmSwiftV2-frameworks-${CONFIGURATION}-input-files.xcfilelist",
			);
			name = "[CP] Embed Pods Frameworks";
			outputFileListPaths = (
				"${PODS_ROOT}/Target Support Files/Pods-RealmSwiftV2/Pods-RealmSwiftV2-frameworks-${CONFIGURATION}-output-files.xcfilelist",
			);
			runOnlyForDeploymentPostprocessing = 0;
			shellPath = /bin/sh;
			shellScript = "\"${PODS_ROOT}/Target Support Files/Pods-RealmSwiftV2/Pods-RealmSwiftV2-frameworks.sh\"\n";
			showEnvVarsInLog = 0;
		};
		A0370DADB0C723105DDBAE3A /* [CP] Check Pods Manifest.lock */ = {
			isa = PBXShellScriptBuildPhase;
			buildActionMask = 2147483647;
			files = (
			);
			inputFileListPaths = (
			);
			inputPaths = (
				"${PODS_PODFILE_DIR_PATH}/Podfile.lock",
				"${PODS_ROOT}/Manifest.lock",
			);
			name = "[CP] Check Pods Manifest.lock";
			outputFileListPaths = (
			);
			outputPaths = (
				"$(DERIVED_FILE_DIR)/Pods-RealmSwiftV2-checkManifestLockResult.txt",
			);
			runOnlyForDeploymentPostprocessing = 0;
			shellPath = /bin/sh;
			shellScript = "diff \"${PODS_PODFILE_DIR_PATH}/Podfile.lock\" \"${PODS_ROOT}/Manifest.lock\" > /dev/null\nif [ $? != 0 ] ; then\n    # print error to STDERR\n    echo \"error: The sandbox is not in sync with the Podfile.lock. Run 'pod install' or update your CocoaPods installation.\" >&2\n    exit 1\nfi\n# This output is used by Xcode 'outputs' to avoid re-running this script phase.\necho \"SUCCESS\" > \"${SCRIPT_OUTPUT_FILE_0}\"\n";
			showEnvVarsInLog = 0;
		};
/* End PBXShellScriptBuildPhase section */

/* Begin PBXSourcesBuildPhase section */
		D2CDCF5E274F94FE005B7D73 /* Sources */ = {
			isa = PBXSourcesBuildPhase;
			buildActionMask = 2147483647;
			files = (
				D2CDCF6A274F94FE005B7D73 /* ViewController.swift in Sources */,
				D2CDCF66274F94FE005B7D73 /* AppDelegate.swift in Sources */,
				D2CDCF68274F94FE005B7D73 /* SceneDelegate.swift in Sources */,
			);
			runOnlyForDeploymentPostprocessing = 0;
		};
/* End PBXSourcesBuildPhase section */

/* Begin PBXVariantGroup section */
		D2CDCF6B274F94FE005B7D73 /* Main.storyboard */ = {
			isa = PBXVariantGroup;
			children = (
				D2CDCF6C274F94FE005B7D73 /* Base */,
			);
			name = Main.storyboard;
			sourceTree = "<group>";
		};
		D2CDCF70274F94FF005B7D73 /* LaunchScreen.storyboard */ = {
			isa = PBXVariantGroup;
			children = (
				D2CDCF71274F94FF005B7D73 /* Base */,
			);
			name = LaunchScreen.storyboard;
			sourceTree = "<group>";
		};
/* End PBXVariantGroup section */

/* Begin XCBuildConfiguration section */
		D2CDCF74274F94FF005B7D73 /* Debug */ = {
			isa = XCBuildConfiguration;
			buildSettings = {
				ALWAYS_SEARCH_USER_PATHS = NO;
				CLANG_ANALYZER_NONNULL = YES;
				CLANG_ANALYZER_NUMBER_OBJECT_CONVERSION = YES_AGGRESSIVE;
				CLANG_CXX_LANGUAGE_STANDARD = "gnu++17";
				CLANG_CXX_LIBRARY = "libc++";
				CLANG_ENABLE_MODULES = YES;
				CLANG_ENABLE_OBJC_ARC = YES;
				CLANG_ENABLE_OBJC_WEAK = YES;
				CLANG_WARN_BLOCK_CAPTURE_AUTORELEASING = YES;
				CLANG_WARN_BOOL_CONVERSION = YES;
				CLANG_WARN_COMMA = YES;
				CLANG_WARN_CONSTANT_CONVERSION = YES;
				CLANG_WARN_DEPRECATED_OBJC_IMPLEMENTATIONS = YES;
				CLANG_WARN_DIRECT_OBJC_ISA_USAGE = YES_ERROR;
				CLANG_WARN_DOCUMENTATION_COMMENTS = YES;
				CLANG_WARN_EMPTY_BODY = YES;
				CLANG_WARN_ENUM_CONVERSION = YES;
				CLANG_WARN_INFINITE_RECURSION = YES;
				CLANG_WARN_INT_CONVERSION = YES;
				CLANG_WARN_NON_LITERAL_NULL_CONVERSION = YES;
				CLANG_WARN_OBJC_IMPLICIT_RETAIN_SELF = YES;
				CLANG_WARN_OBJC_LITERAL_CONVERSION = YES;
				CLANG_WARN_OBJC_ROOT_CLASS = YES_ERROR;
				CLANG_WARN_QUOTED_INCLUDE_IN_FRAMEWORK_HEADER = YES;
				CLANG_WARN_RANGE_LOOP_ANALYSIS = YES;
				CLANG_WARN_STRICT_PROTOTYPES = YES;
				CLANG_WARN_SUSPICIOUS_MOVE = YES;
				CLANG_WARN_UNGUARDED_AVAILABILITY = YES_AGGRESSIVE;
				CLANG_WARN_UNREACHABLE_CODE = YES;
				CLANG_WARN__DUPLICATE_METHOD_MATCH = YES;
				COPY_PHASE_STRIP = NO;
				DEBUG_INFORMATION_FORMAT = dwarf;
				ENABLE_STRICT_OBJC_MSGSEND = YES;
				ENABLE_TESTABILITY = YES;
				GCC_C_LANGUAGE_STANDARD = gnu11;
				GCC_DYNAMIC_NO_PIC = NO;
				GCC_NO_COMMON_BLOCKS = YES;
				GCC_OPTIMIZATION_LEVEL = 0;
				GCC_PREPROCESSOR_DEFINITIONS = (
					"DEBUG=1",
					"$(inherited)",
				);
				GCC_WARN_64_TO_32_BIT_CONVERSION = YES;
				GCC_WARN_ABOUT_RETURN_TYPE = YES_ERROR;
				GCC_WARN_UNDECLARED_SELECTOR = YES;
				GCC_WARN_UNINITIALIZED_AUTOS = YES_AGGRESSIVE;
				GCC_WARN_UNUSED_FUNCTION = YES;
				GCC_WARN_UNUSED_VARIABLE = YES;
				IPHONEOS_DEPLOYMENT_TARGET = 15.0;
				MTL_ENABLE_DEBUG_INFO = INCLUDE_SOURCE;
				MTL_FAST_MATH = YES;
				ONLY_ACTIVE_ARCH = YES;
				SDKROOT = iphoneos;
				SWIFT_ACTIVE_COMPILATION_CONDITIONS = DEBUG;
				SWIFT_OPTIMIZATION_LEVEL = "-Onone";
			};
			name = Debug;
		};
		D2CDCF75274F94FF005B7D73 /* Release */ = {
			isa = XCBuildConfiguration;
			buildSettings = {
				ALWAYS_SEARCH_USER_PATHS = NO;
				CLANG_ANALYZER_NONNULL = YES;
				CLANG_ANALYZER_NUMBER_OBJECT_CONVERSION = YES_AGGRESSIVE;
				CLANG_CXX_LANGUAGE_STANDARD = "gnu++17";
				CLANG_CXX_LIBRARY = "libc++";
				CLANG_ENABLE_MODULES = YES;
				CLANG_ENABLE_OBJC_ARC = YES;
				CLANG_ENABLE_OBJC_WEAK = YES;
				CLANG_WARN_BLOCK_CAPTURE_AUTORELEASING = YES;
				CLANG_WARN_BOOL_CONVERSION = YES;
				CLANG_WARN_COMMA = YES;
				CLANG_WARN_CONSTANT_CONVERSION = YES;
				CLANG_WARN_DEPRECATED_OBJC_IMPLEMENTATIONS = YES;
				CLANG_WARN_DIRECT_OBJC_ISA_USAGE = YES_ERROR;
				CLANG_WARN_DOCUMENTATION_COMMENTS = YES;
				CLANG_WARN_EMPTY_BODY = YES;
				CLANG_WARN_ENUM_CONVERSION = YES;
				CLANG_WARN_INFINITE_RECURSION = YES;
				CLANG_WARN_INT_CONVERSION = YES;
				CLANG_WARN_NON_LITERAL_NULL_CONVERSION = YES;
				CLANG_WARN_OBJC_IMPLICIT_RETAIN_SELF = YES;
				CLANG_WARN_OBJC_LITERAL_CONVERSION = YES;
				CLANG_WARN_OBJC_ROOT_CLASS = YES_ERROR;
				CLANG_WARN_QUOTED_INCLUDE_IN_FRAMEWORK_HEADER = YES;
				CLANG_WARN_RANGE_LOOP_ANALYSIS = YES;
				CLANG_WARN_STRICT_PROTOTYPES = YES;
				CLANG_WARN_SUSPICIOUS_MOVE = YES;
				CLANG_WARN_UNGUARDED_AVAILABILITY = YES_AGGRESSIVE;
				CLANG_WARN_UNREACHABLE_CODE = YES;
				CLANG_WARN__DUPLICATE_METHOD_MATCH = YES;
				COPY_PHASE_STRIP = NO;
				DEBUG_INFORMATION_FORMAT = "dwarf-with-dsym";
				ENABLE_NS_ASSERTIONS = NO;
				ENABLE_STRICT_OBJC_MSGSEND = YES;
				GCC_C_LANGUAGE_STANDARD = gnu11;
				GCC_NO_COMMON_BLOCKS = YES;
				GCC_WARN_64_TO_32_BIT_CONVERSION = YES;
				GCC_WARN_ABOUT_RETURN_TYPE = YES_ERROR;
				GCC_WARN_UNDECLARED_SELECTOR = YES;
				GCC_WARN_UNINITIALIZED_AUTOS = YES_AGGRESSIVE;
				GCC_WARN_UNUSED_FUNCTION = YES;
				GCC_WARN_UNUSED_VARIABLE = YES;
				IPHONEOS_DEPLOYMENT_TARGET = 15.0;
				MTL_ENABLE_DEBUG_INFO = NO;
				MTL_FAST_MATH = YES;
				SDKROOT = iphoneos;
				SWIFT_COMPILATION_MODE = wholemodule;
				SWIFT_OPTIMIZATION_LEVEL = "-O";
				VALIDATE_PRODUCT = YES;
			};
			name = Release;
		};
		D2CDCF77274F94FF005B7D73 /* Debug */ = {
			isa = XCBuildConfiguration;
			baseConfigurationReference = 9B29DEBF7563404F4A7F7578 /* Pods-RealmSwiftV2.debug.xcconfig */;
			buildSettings = {
				ASSETCATALOG_COMPILER_APPICON_NAME = AppIcon;
				ASSETCATALOG_COMPILER_GLOBAL_ACCENT_COLOR_NAME = AccentColor;
				CODE_SIGN_STYLE = Automatic;
				CURRENT_PROJECT_VERSION = 1;
				DEVELOPMENT_TEAM = UJ8B9FFXUA;
				GENERATE_INFOPLIST_FILE = YES;
				INFOPLIST_FILE = RealmSwiftV2/Info.plist;
				INFOPLIST_KEY_UIApplicationSupportsIndirectInputEvents = YES;
				INFOPLIST_KEY_UILaunchStoryboardName = LaunchScreen;
				INFOPLIST_KEY_UIMainStoryboardFile = Main;
				INFOPLIST_KEY_UISupportedInterfaceOrientations_iPad = "UIInterfaceOrientationPortrait UIInterfaceOrientationPortraitUpsideDown UIInterfaceOrientationLandscapeLeft UIInterfaceOrientationLandscapeRight";
				INFOPLIST_KEY_UISupportedInterfaceOrientations_iPhone = "UIInterfaceOrientationPortrait UIInterfaceOrientationLandscapeLeft UIInterfaceOrientationLandscapeRight";
				LD_RUNPATH_SEARCH_PATHS = (
					"$(inherited)",
					"@executable_path/Frameworks",
				);
				MARKETING_VERSION = 1.0;
				PRODUCT_BUNDLE_IDENTIFIER = kiko.RealmSwiftV2;
				PRODUCT_NAME = "$(TARGET_NAME)";
				SWIFT_EMIT_LOC_STRINGS = YES;
				SWIFT_VERSION = 5.0;
				TARGETED_DEVICE_FAMILY = "1,2";
			};
			name = Debug;
		};
		D2CDCF78274F94FF005B7D73 /* Release */ = {
			isa = XCBuildConfiguration;
			baseConfigurationReference = DC45D409250B6FDAB898E7AB /* Pods-RealmSwiftV2.release.xcconfig */;
			buildSettings = {
				ASSETCATALOG_COMPILER_APPICON_NAME = AppIcon;
				ASSETCATALOG_COMPILER_GLOBAL_ACCENT_COLOR_NAME = AccentColor;
				CODE_SIGN_STYLE = Automatic;
				CURRENT_PROJECT_VERSION = 1;
				DEVELOPMENT_TEAM = UJ8B9FFXUA;
				GENERATE_INFOPLIST_FILE = YES;
				INFOPLIST_FILE = RealmSwiftV2/Info.plist;
				INFOPLIST_KEY_UIApplicationSupportsIndirectInputEvents = YES;
				INFOPLIST_KEY_UILaunchStoryboardName = LaunchScreen;
				INFOPLIST_KEY_UIMainStoryboardFile = Main;
				INFOPLIST_KEY_UISupportedInterfaceOrientations_iPad = "UIInterfaceOrientationPortrait UIInterfaceOrientationPortraitUpsideDown UIInterfaceOrientationLandscapeLeft UIInterfaceOrientationLandscapeRight";
				INFOPLIST_KEY_UISupportedInterfaceOrientations_iPhone = "UIInterfaceOrientationPortrait UIInterfaceOrientationLandscapeLeft UIInterfaceOrientationLandscapeRight";
				LD_RUNPATH_SEARCH_PATHS = (
					"$(inherited)",
					"@executable_path/Frameworks",
				);
				MARKETING_VERSION = 1.0;
				PRODUCT_BUNDLE_IDENTIFIER = kiko.RealmSwiftV2;
				PRODUCT_NAME = "$(TARGET_NAME)";
				SWIFT_EMIT_LOC_STRINGS = YES;
				SWIFT_VERSION = 5.0;
				TARGETED_DEVICE_FAMILY = "1,2";
			};
			name = Release;
		};
/* End XCBuildConfiguration section */

/* Begin XCConfigurationList section */
		D2CDCF5D274F94FE005B7D73 /* Build configuration list for PBXProject "RealmSwiftV2" */ = {
			isa = XCConfigurationList;
			buildConfigurations = (
				D2CDCF74274F94FF005B7D73 /* Debug */,
				D2CDCF75274F94FF005B7D73 /* Release */,
			);
			defaultConfigurationIsVisible = 0;
			defaultConfigurationName = Release;
		};
		D2CDCF76274F94FF005B7D73 /* Build configuration list for PBXNativeTarget "RealmSwiftV2" */ = {
			isa = XCConfigurationList;
			buildConfigurations = (
				D2CDCF77274F94FF005B7D73 /* Debug */,
				D2CDCF78274F94FF005B7D73 /* Release */,
			);
			defaultConfigurationIsVisible = 0;
			defaultConfigurationName = Release;
		};
/* End XCConfigurationList section */
	};
	rootObject = D2CDCF5A274F94FE005B7D73 /* Project object */;
}
